<?xml version="1.0" encoding="utf-8"?>
<Project ToolsVersion="4.0" xmlns="http://schemas.microsoft.com/developer/msbuild/2003">
  <ItemGroup>
    <Filter Include="Source files">
      <UniqueIdentifier>{93995380-89BD-4b04-88EB-625FBE52EBFB}</UniqueIdentifier>
      <Extensions>h;hh;hpp;hxx;hm;inl;inc;xsd</Extensions>
    </Filter>
    <Filter Include="Source files\GameStates">
      <UniqueIdentifier>{794ffb2d-6eff-449b-af46-7fe2a671f564}</UniqueIdentifier>
    </Filter>
  </ItemGroup>
  <ItemGroup>
    <ClCompile Include="GSGameOver.cpp">
      <Filter>Source files\GameStates</Filter>
    </ClCompile>
    <ClCompile Include="GSMenu.cpp">
      <Filter>Source files\GameStates</Filter>
    </ClCompile>
    <ClCompile Include="GSRain.cpp">
      <Filter>Source files\GameStates</Filter>
    </ClCompile>
    <ClCompile Include="GSSnake.cpp">
      <Filter>Source files\GameStates</Filter>
    </ClCompile>
    <ClCompile Include="main.cpp">
      <Filter>Source files</Filter>
    </ClCompile>
    <ClCompile Include="ResourceStore.cpp">
      <Filter>Source files</Filter>
    </ClCompile>
    <ClCompile Include="Screen.cpp">
      <Filter>Source files</Filter>
    </ClCompile>
    <ClCompile Include="ScreenNumber.cpp">
      <Filter>Source files</Filter>
    </ClCompile>
    <ClCompile Include="ScreenRenderer.cpp">
      <Filter>Source files</Filter>
    </ClCompile>
    <ClCompile Include="BackgroundRenderer.cpp">
      <Filter>Source files</Filter>
    </ClCompile>
    <ClCompile Include="BrickGame.cpp">
      <Filter>Source files</Filter>
    </ClCompile>
    <ClCompile Include="Device.cpp">
      <Filter>Source files</Filter>
    </ClCompile>
  </ItemGroup>
  <ItemGroup>
    <ClInclude Include="GameState.h">
      <Filter>Source files\GameStates</Filter>
    </ClInclude>
    <ClInclude Include="GSGameOver.h">
      <Filter>Source files\GameStates</Filter>
    </ClInclude>
    <ClInclude Include="GSMenu.h">
      <Filter>Source files\GameStates</Filter>
    </ClInclude>
    <ClInclude Include="GSRain.h">
      <Filter>Source files\GameStates</Filter>
    </ClInclude>
    <ClInclude Include="GSSnake.h">
      <Filter>Source files\GameStates</Filter>
    </ClInclude>
    <ClInclude Include="Types.h">
      <Filter>Source files</Filter>
    </ClInclude>
    <ClInclude Include="ResourceStore.h">
      <Filter>Source files</Filter>
    </ClInclude>
    <ClInclude Include="Screen.h">
      <Filter>Source files</Filter>
    </ClInclude>
    <ClInclude Include="ScreenNumber.h">
      <Filter>Source files</Filter>
    </ClInclude>
    <ClInclude Include="ScreenRenderer.h">
      <Filter>Source files</Filter>
    </ClInclude>
    <ClInclude Include="Device.h">
      <Filter>Source files</Filter>
    </ClInclude>
    <ClInclude Include="BackgroundRenderer.h">
      <Filter>Source files</Filter>
    </ClInclude>
    <ClInclude Include="BrickGame.h">
      <Filter>Source files</Filter>
    </ClInclude>
    <ClInclude Include="Ticker.h">
      <Filter>Source files</Filter>
    </ClInclude>
    <ClInclude Include="Global.h">
      <Filter>Source files</Filter>
    </ClInclude>
  </ItemGroup>
</Project>