<?xml version="1.0" encoding="utf-8"?>
<Project ToolsVersion="4.0" xmlns="http://schemas.microsoft.com/developer/msbuild/2003">
  <ItemGroup>
    <Filter Include="Source files">
      <UniqueIdentifier>{93995380-89BD-4b04-88EB-625FBE52EBFB}</UniqueIdentifier>
      <Extensions>h;hh;hpp;hxx;hm;inl;inc;xsd</Extensions>
    </Filter>
    <Filter Include="Source files\GameStates">
      <UniqueIdentifier>{794ffb2d-6eff-449b-af46-7fe2a671f564}</UniqueIdentifier>
    </Filter>
    <Filter Include="Source files\Rendering">
      <UniqueIdentifier>{ee2bfa8a-96ac-4b74-9832-1f680e4e6246}</UniqueIdentifier>
    </Filter>
    <Filter Include="Source files\GameStates\GSSnake">
      <UniqueIdentifier>{23588b26-bb81-4211-844e-9e3db7f86e51}</UniqueIdentifier>
    </Filter>
    <Filter Include="Source files\GameStates\GSMenu">
      <UniqueIdentifier>{0620b282-9ea0-473e-8b2f-03457686e276}</UniqueIdentifier>
    </Filter>
    <Filter Include="Source files\GameStates\GSGameOver">
      <UniqueIdentifier>{7d8895e1-6efa-469d-aa91-aaf35038cc59}</UniqueIdentifier>
    </Filter>
    <Filter Include="Source files\GameStates\GSArkanoid">
      <UniqueIdentifier>{86b3c922-543d-4b2c-b157-22bc5bb252ba}</UniqueIdentifier>
    </Filter>
    <Filter Include="Source files\GameStates\GSRain">
      <UniqueIdentifier>{1badf575-2009-4348-a704-b43385b638cc}</UniqueIdentifier>
    </Filter>
    <Filter Include="Source files\Utils">
      <UniqueIdentifier>{20cfa036-e95b-4313-8556-57cc97bb99b9}</UniqueIdentifier>
    </Filter>
    <Filter Include="Source files\Device">
      <UniqueIdentifier>{0376180f-718d-4936-a958-de662d990bbf}</UniqueIdentifier>
    </Filter>
    <Filter Include="Source files\System">
      <UniqueIdentifier>{48355e8d-fe8a-4b5e-be04-1c7692af8015}</UniqueIdentifier>
    </Filter>
    <Filter Include="Source files\GameStates\GSSnake\Objects">
      <UniqueIdentifier>{b854812f-4966-4510-9cd2-e07c06a715a5}</UniqueIdentifier>
    </Filter>
    <Filter Include="Source files\Device\Objects">
      <UniqueIdentifier>{e7613a55-a1a3-41be-b6a4-aa40635ad3ee}</UniqueIdentifier>
    </Filter>
    <Filter Include="Resources">
      <UniqueIdentifier>{01e430eb-d9c2-42db-973c-1e8b812657a8}</UniqueIdentifier>
    </Filter>
  </ItemGroup>
  <ItemGroup>
    <ClCompile Include="main.cpp">
      <Filter>Source files</Filter>
    </ClCompile>
    <ClCompile Include="BackgroundRenderer.cpp">
      <Filter>Source files\Rendering</Filter>
    </ClCompile>
    <ClCompile Include="ScreenRenderer.cpp">
      <Filter>Source files\Rendering</Filter>
    </ClCompile>
    <ClCompile Include="ResourceStore.cpp">
      <Filter>Source files\Rendering</Filter>
    </ClCompile>
    <ClCompile Include="ScreenNumber.cpp">
      <Filter>Source files\Device</Filter>
    </ClCompile>
    <ClCompile Include="Screen.cpp">
      <Filter>Source files\Device</Filter>
    </ClCompile>
    <ClCompile Include="Device.cpp">
      <Filter>Source files\Device</Filter>
    </ClCompile>
    <ClCompile Include="Explosion.cpp">
      <Filter>Source files\Device\Objects</Filter>
    </ClCompile>
    <ClCompile Include="GSSnake.cpp">
      <Filter>Source files\GameStates\GSSnake</Filter>
    </ClCompile>
    <ClCompile Include="GSMenu.cpp">
      <Filter>Source files\GameStates\GSMenu</Filter>
    </ClCompile>
    <ClCompile Include="GSGameOver.cpp">
      <Filter>Source files\GameStates\GSGameOver</Filter>
    </ClCompile>
    <ClCompile Include="GSArkanoid.cpp">
      <Filter>Source files\GameStates\GSArkanoid</Filter>
    </ClCompile>
    <ClCompile Include="GSRain.cpp">
      <Filter>Source files\GameStates\GSRain</Filter>
    </ClCompile>
    <ClCompile Include="Speaker.cpp">
      <Filter>Source files\Device</Filter>
    </ClCompile>
    <ClCompile Include="SoundPlayer.cpp">
      <Filter>Source files\Rendering</Filter>
    </ClCompile>
    <ClCompile Include="SaveManager.cpp">
      <Filter>Source files\Utils</Filter>
    </ClCompile>
    <ClCompile Include="Logger.cpp">
      <Filter>Source files\Utils</Filter>
    </ClCompile>
    <ClCompile Include="Global.cpp">
      <Filter>Source files</Filter>
    </ClCompile>
    <ClCompile Include="BrickGame.cpp">
      <Filter>Source files\System</Filter>
    </ClCompile>
    <ClCompile Include="BrickGame_config.cpp">
      <Filter>Source files\System</Filter>
    </ClCompile>
    <ClCompile Include="BrickGame_gamestates.cpp">
      <Filter>Source files\System</Filter>
    </ClCompile>
    <ClCompile Include="BrickGame_render.cpp">
      <Filter>Source files\System</Filter>
    </ClCompile>
    <ClCompile Include="BrickGame_device.cpp">
      <Filter>Source files\System</Filter>
    </ClCompile>
    <ClCompile Include="BrickGame_init.cpp">
      <Filter>Source files\System</Filter>
    </ClCompile>
    <ClCompile Include="PixelArray.cpp">
      <Filter>Source files\Device</Filter>
    </ClCompile>
    <ClCompile Include="BrickGame_events.cpp">
      <Filter>Source files\System</Filter>
    </ClCompile>
    <ClCompile Include="GSSnake_levels.cpp">
      <Filter>Source files\GameStates\GSSnake</Filter>
    </ClCompile>
    <ClCompile Include="GSSnake_Snake.cpp">
      <Filter>Source files\GameStates\GSSnake\Objects</Filter>
    </ClCompile>
    <ClCompile Include="PixelArrayRenderer.cpp">
      <Filter>Source files\Rendering</Filter>
    </ClCompile>
    <ClCompile Include="Ticker.cpp">
      <Filter>Source files\Utils</Filter>
    </ClCompile>
    <ClCompile Include="GSMenu_graphics.cpp">
      <Filter>Source files\GameStates\GSMenu</Filter>
    </ClCompile>
  </ItemGroup>
  <ItemGroup>
    <ClInclude Include="Explosion.hpp">
      <Filter>Source files\Device\Objects</Filter>
    </ClInclude>
    <ClInclude Include="Device.hpp">
      <Filter>Source files\Device</Filter>
    </ClInclude>
    <ClInclude Include="PixelArray.hpp">
      <Filter>Source files\Device</Filter>
    </ClInclude>
    <ClInclude Include="Screen.hpp">
      <Filter>Source files\Device</Filter>
    </ClInclude>
    <ClInclude Include="ScreenNumber.hpp">
      <Filter>Source files\Device</Filter>
    </ClInclude>
    <ClInclude Include="Speaker.hpp">
      <Filter>Source files\Device</Filter>
    </ClInclude>
    <ClInclude Include="GSArkanoid.hpp">
      <Filter>Source files\GameStates\GSArkanoid</Filter>
    </ClInclude>
    <ClInclude Include="GSGameOver.hpp">
      <Filter>Source files\GameStates\GSGameOver</Filter>
    </ClInclude>
    <ClInclude Include="GSMenu.hpp">
      <Filter>Source files\GameStates\GSMenu</Filter>
    </ClInclude>
    <ClInclude Include="GSRain.hpp">
      <Filter>Source files\GameStates\GSRain</Filter>
    </ClInclude>
    <ClInclude Include="GSSnake_Snake.hpp">
      <Filter>Source files\GameStates\GSSnake\Objects</Filter>
    </ClInclude>
    <ClInclude Include="GSSnake.hpp">
      <Filter>Source files\GameStates\GSSnake</Filter>
    </ClInclude>
    <ClInclude Include="GameState.hpp">
      <Filter>Source files\GameStates</Filter>
    </ClInclude>
    <ClInclude Include="BackgroundRenderer.hpp">
      <Filter>Source files\Rendering</Filter>
    </ClInclude>
    <ClInclude Include="PixelArrayRenderer.hpp">
      <Filter>Source files\Rendering</Filter>
    </ClInclude>
    <ClInclude Include="ResourceStore.hpp">
      <Filter>Source files\Rendering</Filter>
    </ClInclude>
    <ClInclude Include="ScreenRenderer.hpp">
      <Filter>Source files\Rendering</Filter>
    </ClInclude>
    <ClInclude Include="SoundPlayer.hpp">
      <Filter>Source files\Rendering</Filter>
    </ClInclude>
    <ClInclude Include="BrickGame.hpp">
      <Filter>Source files\System</Filter>
    </ClInclude>
    <ClInclude Include="Types.hpp">
      <Filter>Source files\System</Filter>
    </ClInclude>
    <ClInclude Include="Logger.hpp">
      <Filter>Source files\Utils</Filter>
    </ClInclude>
    <ClInclude Include="Logger_types.hpp">
      <Filter>Source files\Utils</Filter>
    </ClInclude>
    <ClInclude Include="SaveManager.hpp">
      <Filter>Source files\Utils</Filter>
    </ClInclude>
    <ClInclude Include="Ticker.hpp">
      <Filter>Source files\Utils</Filter>
    </ClInclude>
    <ClInclude Include="Global.hpp">
      <Filter>Source files</Filter>
    </ClInclude>
    <ClInclude Include="resource.h">
      <Filter>Resources</Filter>
    </ClInclude>
  </ItemGroup>
  <ItemGroup>
    <ResourceCompile Include="BrickGame9999.rc">
      <Filter>Resources</Filter>
    </ResourceCompile>
  </ItemGroup>
  <ItemGroup>
    <Image Include="icon1.ico">
      <Filter>Resources</Filter>
    </Image>
  </ItemGroup>
</Project>